// !$*UTF8*$!
{
	archiveVersion = 1;
	classes = {
	};
	objectVersion = 56;
	objects = {

/* Begin PBXBuildFile section */
		367F0B2829B6248F002DBD63 /* TestProjectApp.swift in Sources */ = {isa = PBXBuildFile; fileRef = 367F0B2729B6248F002DBD63 /* TestProjectApp.swift */; };
		367F0B2C29B62490002DBD63 /* Assets.xcassets in Resources */ = {isa = PBXBuildFile; fileRef = 367F0B2B29B62490002DBD63 /* Assets.xcassets */; };
		367F0B2F29B62490002DBD63 /* Preview Assets.xcassets in Resources */ = {isa = PBXBuildFile; fileRef = 367F0B2E29B62490002DBD63 /* Preview Assets.xcassets */; };
		367F0B5F29B625A4002DBD63 /* NetworkService.swift in Sources */ = {isa = PBXBuildFile; fileRef = 367F0B5629B625A3002DBD63 /* NetworkService.swift */; };
		367F0B6029B625A4002DBD63 /* UserRequest.swift in Sources */ = {isa = PBXBuildFile; fileRef = 367F0B5829B625A3002DBD63 /* UserRequest.swift */; };
		367F0B6129B625A4002DBD63 /* UsersListRequest.swift in Sources */ = {isa = PBXBuildFile; fileRef = 367F0B5929B625A3002DBD63 /* UsersListRequest.swift */; };
		367F0B6229B625A4002DBD63 /* Endpoint.swift in Sources */ = {isa = PBXBuildFile; fileRef = 367F0B5A29B625A3002DBD63 /* Endpoint.swift */; };
		367F0B6329B625A4002DBD63 /* User.swift in Sources */ = {isa = PBXBuildFile; fileRef = 367F0B5C29B625A3002DBD63 /* User.swift */; };
		367F0B6429B625A4002DBD63 /* ServiceManager.swift in Sources */ = {isa = PBXBuildFile; fileRef = 367F0B5D29B625A3002DBD63 /* ServiceManager.swift */; };
		367F0B6529B625A4002DBD63 /* LocalStorage.swift in Sources */ = {isa = PBXBuildFile; fileRef = 367F0B5E29B625A3002DBD63 /* LocalStorage.swift */; };
		367F0B7029B625D4002DBD63 /* UsersListScene.swift in Sources */ = {isa = PBXBuildFile; fileRef = 367F0B6829B625D4002DBD63 /* UsersListScene.swift */; };
		367F0B7129B625D4002DBD63 /* UsersListSceneViewModel.swift in Sources */ = {isa = PBXBuildFile; fileRef = 367F0B6929B625D4002DBD63 /* UsersListSceneViewModel.swift */; };
		367F0B7229B625D4002DBD63 /* AvatarView.swift in Sources */ = {isa = PBXBuildFile; fileRef = 367F0B6B29B625D4002DBD63 /* AvatarView.swift */; };
		367F0B7329B625D4002DBD63 /* OffsetableScrollView.swift in Sources */ = {isa = PBXBuildFile; fileRef = 367F0B6C29B625D4002DBD63 /* OffsetableScrollView.swift */; };
		367F0B7529B625D4002DBD63 /* DetailsScene.swift in Sources */ = {isa = PBXBuildFile; fileRef = 367F0B6F29B625D4002DBD63 /* DetailsScene.swift */; };
		367F0B7A29B628FA002DBD63 /* ServicesTests.swift in Sources */ = {isa = PBXBuildFile; fileRef = 367F0B7929B628FA002DBD63 /* ServicesTests.swift */; };
		367F0B8229B66F47002DBD63 /* UsersListViewModelTests.swift in Sources */ = {isa = PBXBuildFile; fileRef = 367F0B8129B66F47002DBD63 /* UsersListViewModelTests.swift */; };
		367F0B8329B66FE3002DBD63 /* MockUsersListSceneViewModel.swift in Sources */ = {isa = PBXBuildFile; fileRef = 367F0B7C29B62959002DBD63 /* MockUsersListSceneViewModel.swift */; };
		367F0B8629B6A172002DBD63 /* ColorScheme.swift in Sources */ = {isa = PBXBuildFile; fileRef = 367F0B8529B6A172002DBD63 /* ColorScheme.swift */; };
		367F0B8829B6A33E002DBD63 /* Colors.xcassets in Resources */ = {isa = PBXBuildFile; fileRef = 367F0B8729B6A33E002DBD63 /* Colors.xcassets */; };
		367F0B8B29B6B11E002DBD63 /* CGFloat+Sizes.swift in Sources */ = {isa = PBXBuildFile; fileRef = 367F0B8A29B6B11E002DBD63 /* CGFloat+Sizes.swift */; };
		3697B43D29DBCFAA00DCAE9F /* MockLocalStorage.swift in Sources */ = {isa = PBXBuildFile; fileRef = 3697B43C29DBCFAA00DCAE9F /* MockLocalStorage.swift */; };
		36DE4ABB29B6B9DF008438DA /* Image+Ext.swift in Sources */ = {isa = PBXBuildFile; fileRef = 36DE4ABA29B6B9DF008438DA /* Image+Ext.swift */; };
/* End PBXBuildFile section */

/* Begin PBXContainerItemProxy section */
		367F0B3529B62491002DBD63 /* PBXContainerItemProxy */ = {
			isa = PBXContainerItemProxy;
			containerPortal = 367F0B1C29B6248F002DBD63 /* Project object */;
			proxyType = 1;
			remoteGlobalIDString = 367F0B2329B6248F002DBD63;
			remoteInfo = TestProject;
		};
/* End PBXContainerItemProxy section */

/* Begin PBXFileReference section */
		367F0B2429B6248F002DBD63 /* TestProject.app */ = {isa = PBXFileReference; explicitFileType = wrapper.application; includeInIndex = 0; path = TestProject.app; sourceTree = BUILT_PRODUCTS_DIR; };
		367F0B2729B6248F002DBD63 /* TestProjectApp.swift */ = {isa = PBXFileReference; lastKnownFileType = sourcecode.swift; path = TestProjectApp.swift; sourceTree = "<group>"; };
		367F0B2B29B62490002DBD63 /* Assets.xcassets */ = {isa = PBXFileReference; lastKnownFileType = folder.assetcatalog; path = Assets.xcassets; sourceTree = "<group>"; };
		367F0B2E29B62490002DBD63 /* Preview Assets.xcassets */ = {isa = PBXFileReference; lastKnownFileType = folder.assetcatalog; path = "Preview Assets.xcassets"; sourceTree = "<group>"; };
		367F0B3429B62491002DBD63 /* TestProjectTests.xctest */ = {isa = PBXFileReference; explicitFileType = wrapper.cfbundle; includeInIndex = 0; path = TestProjectTests.xctest; sourceTree = BUILT_PRODUCTS_DIR; };
		367F0B5629B625A3002DBD63 /* NetworkService.swift */ = {isa = PBXFileReference; fileEncoding = 4; lastKnownFileType = sourcecode.swift; path = NetworkService.swift; sourceTree = "<group>"; };
		367F0B5829B625A3002DBD63 /* UserRequest.swift */ = {isa = PBXFileReference; fileEncoding = 4; lastKnownFileType = sourcecode.swift; path = UserRequest.swift; sourceTree = "<group>"; };
		367F0B5929B625A3002DBD63 /* UsersListRequest.swift */ = {isa = PBXFileReference; fileEncoding = 4; lastKnownFileType = sourcecode.swift; path = UsersListRequest.swift; sourceTree = "<group>"; };
		367F0B5A29B625A3002DBD63 /* Endpoint.swift */ = {isa = PBXFileReference; fileEncoding = 4; lastKnownFileType = sourcecode.swift; path = Endpoint.swift; sourceTree = "<group>"; };
		367F0B5C29B625A3002DBD63 /* User.swift */ = {isa = PBXFileReference; fileEncoding = 4; lastKnownFileType = sourcecode.swift; path = User.swift; sourceTree = "<group>"; };
		367F0B5D29B625A3002DBD63 /* ServiceManager.swift */ = {isa = PBXFileReference; fileEncoding = 4; lastKnownFileType = sourcecode.swift; path = ServiceManager.swift; sourceTree = "<group>"; };
		367F0B5E29B625A3002DBD63 /* LocalStorage.swift */ = {isa = PBXFileReference; fileEncoding = 4; lastKnownFileType = sourcecode.swift; path = LocalStorage.swift; sourceTree = "<group>"; };
		367F0B6829B625D4002DBD63 /* UsersListScene.swift */ = {isa = PBXFileReference; fileEncoding = 4; lastKnownFileType = sourcecode.swift; path = UsersListScene.swift; sourceTree = "<group>"; };
		367F0B6929B625D4002DBD63 /* UsersListSceneViewModel.swift */ = {isa = PBXFileReference; fileEncoding = 4; lastKnownFileType = sourcecode.swift; path = UsersListSceneViewModel.swift; sourceTree = "<group>"; };
		367F0B6B29B625D4002DBD63 /* AvatarView.swift */ = {isa = PBXFileReference; fileEncoding = 4; lastKnownFileType = sourcecode.swift; path = AvatarView.swift; sourceTree = "<group>"; };
		367F0B6C29B625D4002DBD63 /* OffsetableScrollView.swift */ = {isa = PBXFileReference; fileEncoding = 4; lastKnownFileType = sourcecode.swift; path = OffsetableScrollView.swift; sourceTree = "<group>"; };
		367F0B6F29B625D4002DBD63 /* DetailsScene.swift */ = {isa = PBXFileReference; fileEncoding = 4; lastKnownFileType = sourcecode.swift; path = DetailsScene.swift; sourceTree = "<group>"; };
		367F0B7929B628FA002DBD63 /* ServicesTests.swift */ = {isa = PBXFileReference; fileEncoding = 4; lastKnownFileType = sourcecode.swift; path = ServicesTests.swift; sourceTree = "<group>"; };
		367F0B7C29B62959002DBD63 /* MockUsersListSceneViewModel.swift */ = {isa = PBXFileReference; fileEncoding = 4; lastKnownFileType = sourcecode.swift; path = MockUsersListSceneViewModel.swift; sourceTree = "<group>"; };
		367F0B8029B62AFB002DBD63 /* Info.plist */ = {isa = PBXFileReference; lastKnownFileType = text.plist.xml; path = Info.plist; sourceTree = "<group>"; };
		367F0B8129B66F47002DBD63 /* UsersListViewModelTests.swift */ = {isa = PBXFileReference; lastKnownFileType = sourcecode.swift; path = UsersListViewModelTests.swift; sourceTree = "<group>"; };
		367F0B8529B6A172002DBD63 /* ColorScheme.swift */ = {isa = PBXFileReference; lastKnownFileType = sourcecode.swift; path = ColorScheme.swift; sourceTree = "<group>"; };
		367F0B8729B6A33E002DBD63 /* Colors.xcassets */ = {isa = PBXFileReference; lastKnownFileType = folder.assetcatalog; path = Colors.xcassets; sourceTree = "<group>"; };
		367F0B8A29B6B11E002DBD63 /* CGFloat+Sizes.swift */ = {isa = PBXFileReference; lastKnownFileType = sourcecode.swift; path = "CGFloat+Sizes.swift"; sourceTree = "<group>"; };
		3697B43C29DBCFAA00DCAE9F /* MockLocalStorage.swift */ = {isa = PBXFileReference; lastKnownFileType = sourcecode.swift; path = MockLocalStorage.swift; sourceTree = "<group>"; };
		36DE4ABA29B6B9DF008438DA /* Image+Ext.swift */ = {isa = PBXFileReference; lastKnownFileType = sourcecode.swift; path = "Image+Ext.swift"; sourceTree = "<group>"; };
/* End PBXFileReference section */

/* Begin PBXFrameworksBuildPhase section */
		367F0B2129B6248F002DBD63 /* Frameworks */ = {
			isa = PBXFrameworksBuildPhase;
			buildActionMask = 2147483647;
			files = (
			);
			runOnlyForDeploymentPostprocessing = 0;
		};
		367F0B3129B62491002DBD63 /* Frameworks */ = {
			isa = PBXFrameworksBuildPhase;
			buildActionMask = 2147483647;
			files = (
			);
			runOnlyForDeploymentPostprocessing = 0;
		};
/* End PBXFrameworksBuildPhase section */

/* Begin PBXGroup section */
		367F0B1B29B6248F002DBD63 = {
			isa = PBXGroup;
			children = (
				367F0B2629B6248F002DBD63 /* TestProject */,
				367F0B3729B62491002DBD63 /* TestProjectTests */,
				367F0B2529B6248F002DBD63 /* Products */,
			);
			sourceTree = "<group>";
		};
		367F0B2529B6248F002DBD63 /* Products */ = {
			isa = PBXGroup;
			children = (
				367F0B2429B6248F002DBD63 /* TestProject.app */,
				367F0B3429B62491002DBD63 /* TestProjectTests.xctest */,
			);
			name = Products;
			sourceTree = "<group>";
		};
		367F0B2629B6248F002DBD63 /* TestProject */ = {
			isa = PBXGroup;
			children = (
				367F0B8929B6B0FE002DBD63 /* Common */,
				367F0B6629B625D4002DBD63 /* Scenes */,
				367F0B5429B625A3002DBD63 /* Logic */,
				367F0B5129B624EF002DBD63 /* App */,
			);
			path = TestProject;
			sourceTree = "<group>";
		};
		367F0B2D29B62490002DBD63 /* Preview Content */ = {
			isa = PBXGroup;
			children = (
				367F0B2E29B62490002DBD63 /* Preview Assets.xcassets */,
			);
			path = "Preview Content";
			sourceTree = "<group>";
		};
		367F0B3729B62491002DBD63 /* TestProjectTests */ = {
			isa = PBXGroup;
			children = (
				367F0B7929B628FA002DBD63 /* ServicesTests.swift */,
				367F0B8129B66F47002DBD63 /* UsersListViewModelTests.swift */,
			);
			path = TestProjectTests;
			sourceTree = "<group>";
		};
		367F0B5129B624EF002DBD63 /* App */ = {
			isa = PBXGroup;
			children = (
				367F0B2729B6248F002DBD63 /* TestProjectApp.swift */,
				367F0B2B29B62490002DBD63 /* Assets.xcassets */,
				367F0B8729B6A33E002DBD63 /* Colors.xcassets */,
				367F0B8029B62AFB002DBD63 /* Info.plist */,
				367F0B2D29B62490002DBD63 /* Preview Content */,
			);
			path = App;
			sourceTree = "<group>";
		};
		367F0B5429B625A3002DBD63 /* Logic */ = {
			isa = PBXGroup;
			children = (
				367F0B7B29B62959002DBD63 /* Mocks */,
				367F0B5529B625A3002DBD63 /* Networking */,
				367F0B5B29B625A3002DBD63 /* Models */,
				367F0B5D29B625A3002DBD63 /* ServiceManager.swift */,
				367F0B5E29B625A3002DBD63 /* LocalStorage.swift */,
			);
			path = Logic;
			sourceTree = "<group>";
		};
		367F0B5529B625A3002DBD63 /* Networking */ = {
			isa = PBXGroup;
			children = (
				367F0B5729B625A3002DBD63 /* Requests */,
				367F0B5629B625A3002DBD63 /* NetworkService.swift */,
				367F0B5A29B625A3002DBD63 /* Endpoint.swift */,
			);
			path = Networking;
			sourceTree = "<group>";
		};
		367F0B5729B625A3002DBD63 /* Requests */ = {
			isa = PBXGroup;
			children = (
				367F0B5829B625A3002DBD63 /* UserRequest.swift */,
				367F0B5929B625A3002DBD63 /* UsersListRequest.swift */,
			);
			path = Requests;
			sourceTree = "<group>";
		};
		367F0B5B29B625A3002DBD63 /* Models */ = {
			isa = PBXGroup;
			children = (
				367F0B5C29B625A3002DBD63 /* User.swift */,
			);
			path = Models;
			sourceTree = "<group>";
		};
		367F0B6629B625D4002DBD63 /* Scenes */ = {
			isa = PBXGroup;
			children = (
				367F0B6A29B625D4002DBD63 /* CommonViews */,
				367F0B6729B625D4002DBD63 /* UsersListScene */,
				367F0B6D29B625D4002DBD63 /* DetailsScene */,
			);
			path = Scenes;
			sourceTree = "<group>";
		};
		367F0B6729B625D4002DBD63 /* UsersListScene */ = {
			isa = PBXGroup;
			children = (
				367F0B6829B625D4002DBD63 /* UsersListScene.swift */,
				367F0B6929B625D4002DBD63 /* UsersListSceneViewModel.swift */,
			);
			path = UsersListScene;
			sourceTree = "<group>";
		};
		367F0B6A29B625D4002DBD63 /* CommonViews */ = {
			isa = PBXGroup;
			children = (
				367F0B6B29B625D4002DBD63 /* AvatarView.swift */,
				367F0B6C29B625D4002DBD63 /* OffsetableScrollView.swift */,
			);
			path = CommonViews;
			sourceTree = "<group>";
		};
		367F0B6D29B625D4002DBD63 /* DetailsScene */ = {
			isa = PBXGroup;
			children = (
				367F0B6F29B625D4002DBD63 /* DetailsScene.swift */,
			);
			path = DetailsScene;
			sourceTree = "<group>";
		};
		367F0B7B29B62959002DBD63 /* Mocks */ = {
			isa = PBXGroup;
			children = (
				367F0B7C29B62959002DBD63 /* MockUsersListSceneViewModel.swift */,
				3697B43C29DBCFAA00DCAE9F /* MockLocalStorage.swift */,
			);
			path = Mocks;
			sourceTree = "<group>";
		};
		367F0B8929B6B0FE002DBD63 /* Common */ = {
			isa = PBXGroup;
			children = (
				367F0B8529B6A172002DBD63 /* ColorScheme.swift */,
				367F0B8A29B6B11E002DBD63 /* CGFloat+Sizes.swift */,
				36DE4ABA29B6B9DF008438DA /* Image+Ext.swift */,
			);
			path = Common;
			sourceTree = "<group>";
		};
/* End PBXGroup section */

/* Begin PBXNativeTarget section */
		367F0B2329B6248F002DBD63 /* TestProject */ = {
			isa = PBXNativeTarget;
			buildConfigurationList = 367F0B4829B62491002DBD63 /* Build configuration list for PBXNativeTarget "TestProject" */;
			buildPhases = (
				367F0B2029B6248F002DBD63 /* Sources */,
				367F0B2129B6248F002DBD63 /* Frameworks */,
				367F0B2229B6248F002DBD63 /* Resources */,
			);
			buildRules = (
			);
			dependencies = (
			);
			name = TestProject;
			productName = TestProject;
			productReference = 367F0B2429B6248F002DBD63 /* TestProject.app */;
			productType = "com.apple.product-type.application";
		};
		367F0B3329B62491002DBD63 /* TestProjectTests */ = {
			isa = PBXNativeTarget;
			buildConfigurationList = 367F0B4B29B62491002DBD63 /* Build configuration list for PBXNativeTarget "TestProjectTests" */;
			buildPhases = (
				367F0B3029B62491002DBD63 /* Sources */,
				367F0B3129B62491002DBD63 /* Frameworks */,
				367F0B3229B62491002DBD63 /* Resources */,
			);
			buildRules = (
			);
			dependencies = (
				367F0B3629B62491002DBD63 /* PBXTargetDependency */,
			);
			name = TestProjectTests;
			productName = TestProjectTests;
			productReference = 367F0B3429B62491002DBD63 /* TestProjectTests.xctest */;
			productType = "com.apple.product-type.bundle.unit-test";
		};
/* End PBXNativeTarget section */

/* Begin PBXProject section */
		367F0B1C29B6248F002DBD63 /* Project object */ = {
			isa = PBXProject;
			attributes = {
				BuildIndependentTargetsInParallel = 1;
				LastSwiftUpdateCheck = 1420;
				LastUpgradeCheck = 1420;
				TargetAttributes = {
					367F0B2329B6248F002DBD63 = {
						CreatedOnToolsVersion = 14.2;
					};
					367F0B3329B62491002DBD63 = {
						CreatedOnToolsVersion = 14.2;
						TestTargetID = 367F0B2329B6248F002DBD63;
					};
				};
			};
			buildConfigurationList = 367F0B1F29B6248F002DBD63 /* Build configuration list for PBXProject "TestProject" */;
			compatibilityVersion = "Xcode 14.0";
			developmentRegion = en;
			hasScannedForEncodings = 0;
			knownRegions = (
				en,
				Base,
			);
			mainGroup = 367F0B1B29B6248F002DBD63;
			productRefGroup = 367F0B2529B6248F002DBD63 /* Products */;
			projectDirPath = "";
			projectRoot = "";
			targets = (
				367F0B2329B6248F002DBD63 /* TestProject */,
				367F0B3329B62491002DBD63 /* TestProjectTests */,
			);
		};
/* End PBXProject section */

/* Begin PBXResourcesBuildPhase section */
		367F0B2229B6248F002DBD63 /* Resources */ = {
			isa = PBXResourcesBuildPhase;
			buildActionMask = 2147483647;
			files = (
				367F0B8829B6A33E002DBD63 /* Colors.xcassets in Resources */,
				367F0B2F29B62490002DBD63 /* Preview Assets.xcassets in Resources */,
				367F0B2C29B62490002DBD63 /* Assets.xcassets in Resources */,
			);
			runOnlyForDeploymentPostprocessing = 0;
		};
		367F0B3229B62491002DBD63 /* Resources */ = {
			isa = PBXResourcesBuildPhase;
			buildActionMask = 2147483647;
			files = (
			);
			runOnlyForDeploymentPostprocessing = 0;
		};
/* End PBXResourcesBuildPhase section */

/* Begin PBXSourcesBuildPhase section */
		367F0B2029B6248F002DBD63 /* Sources */ = {
			isa = PBXSourcesBuildPhase;
			buildActionMask = 2147483647;
			files = (
				367F0B7129B625D4002DBD63 /* UsersListSceneViewModel.swift in Sources */,
				3697B43D29DBCFAA00DCAE9F /* MockLocalStorage.swift in Sources */,
				36DE4ABB29B6B9DF008438DA /* Image+Ext.swift in Sources */,
				367F0B6129B625A4002DBD63 /* UsersListRequest.swift in Sources */,
				367F0B5F29B625A4002DBD63 /* NetworkService.swift in Sources */,
				367F0B6329B625A4002DBD63 /* User.swift in Sources */,
				367F0B7229B625D4002DBD63 /* AvatarView.swift in Sources */,
				367F0B2829B6248F002DBD63 /* TestProjectApp.swift in Sources */,
				367F0B7529B625D4002DBD63 /* DetailsScene.swift in Sources */,
				367F0B6029B625A4002DBD63 /* UserRequest.swift in Sources */,
				367F0B6529B625A4002DBD63 /* LocalStorage.swift in Sources */,
				367F0B7029B625D4002DBD63 /* UsersListScene.swift in Sources */,
				367F0B8B29B6B11E002DBD63 /* CGFloat+Sizes.swift in Sources */,
				367F0B6429B625A4002DBD63 /* ServiceManager.swift in Sources */,
				367F0B7329B625D4002DBD63 /* OffsetableScrollView.swift in Sources */,
				367F0B8329B66FE3002DBD63 /* MockUsersListSceneViewModel.swift in Sources */,
				367F0B6229B625A4002DBD63 /* Endpoint.swift in Sources */,
				367F0B8629B6A172002DBD63 /* ColorScheme.swift in Sources */,
			);
			runOnlyForDeploymentPostprocessing = 0;
		};
		367F0B3029B62491002DBD63 /* Sources */ = {
			isa = PBXSourcesBuildPhase;
			buildActionMask = 2147483647;
			files = (
				367F0B7A29B628FA002DBD63 /* ServicesTests.swift in Sources */,
				367F0B8229B66F47002DBD63 /* UsersListViewModelTests.swift in Sources */,
			);
			runOnlyForDeploymentPostprocessing = 0;
		};
/* End PBXSourcesBuildPhase section */

/* Begin PBXTargetDependency section */
		367F0B3629B62491002DBD63 /* PBXTargetDependency */ = {
			isa = PBXTargetDependency;
			target = 367F0B2329B6248F002DBD63 /* TestProject */;
			targetProxy = 367F0B3529B62491002DBD63 /* PBXContainerItemProxy */;
		};
/* End PBXTargetDependency section */

/* Begin XCBuildConfiguration section */
		367F0B4629B62491002DBD63 /* Debug */ = {
			isa = XCBuildConfiguration;
			buildSettings = {
				ALWAYS_SEARCH_USER_PATHS = NO;
				CLANG_ANALYZER_NONNULL = YES;
				CLANG_ANALYZER_NUMBER_OBJECT_CONVERSION = YES_AGGRESSIVE;
				CLANG_CXX_LANGUAGE_STANDARD = "gnu++20";
				CLANG_ENABLE_MODULES = YES;
				CLANG_ENABLE_OBJC_ARC = YES;
				CLANG_ENABLE_OBJC_WEAK = YES;
				CLANG_WARN_BLOCK_CAPTURE_AUTORELEASING = YES;
				CLANG_WARN_BOOL_CONVERSION = YES;
				CLANG_WARN_COMMA = YES;
				CLANG_WARN_CONSTANT_CONVERSION = YES;
				CLANG_WARN_DEPRECATED_OBJC_IMPLEMENTATIONS = YES;
				CLANG_WARN_DIRECT_OBJC_ISA_USAGE = YES_ERROR;
				CLANG_WARN_DOCUMENTATION_COMMENTS = YES;
				CLANG_WARN_EMPTY_BODY = YES;
				CLANG_WARN_ENUM_CONVERSION = YES;
				CLANG_WARN_INFINITE_RECURSION = YES;
				CLANG_WARN_INT_CONVERSION = YES;
				CLANG_WARN_NON_LITERAL_NULL_CONVERSION = YES;
				CLANG_WARN_OBJC_IMPLICIT_RETAIN_SELF = YES;
				CLANG_WARN_OBJC_LITERAL_CONVERSION = YES;
				CLANG_WARN_OBJC_ROOT_CLASS = YES_ERROR;
				CLANG_WARN_QUOTED_INCLUDE_IN_FRAMEWORK_HEADER = YES;
				CLANG_WARN_RANGE_LOOP_ANALYSIS = YES;
				CLANG_WARN_STRICT_PROTOTYPES = YES;
				CLANG_WARN_SUSPICIOUS_MOVE = YES;
				CLANG_WARN_UNGUARDED_AVAILABILITY = YES_AGGRESSIVE;
				CLANG_WARN_UNREACHABLE_CODE = YES;
				CLANG_WARN__DUPLICATE_METHOD_MATCH = YES;
				COPY_PHASE_STRIP = NO;
				DEBUG_INFORMATION_FORMAT = dwarf;
				ENABLE_STRICT_OBJC_MSGSEND = YES;
				ENABLE_TESTABILITY = YES;
				GCC_C_LANGUAGE_STANDARD = gnu11;
				GCC_DYNAMIC_NO_PIC = NO;
				GCC_NO_COMMON_BLOCKS = YES;
				GCC_OPTIMIZATION_LEVEL = 0;
				GCC_PREPROCESSOR_DEFINITIONS = (
					"DEBUG=1",
					"$(inherited)",
				);
				GCC_WARN_64_TO_32_BIT_CONVERSION = YES;
				GCC_WARN_ABOUT_RETURN_TYPE = YES_ERROR;
				GCC_WARN_UNDECLARED_SELECTOR = YES;
				GCC_WARN_UNINITIALIZED_AUTOS = YES_AGGRESSIVE;
				GCC_WARN_UNUSED_FUNCTION = YES;
				GCC_WARN_UNUSED_VARIABLE = YES;
				IPHONEOS_DEPLOYMENT_TARGET = 16.0;
				MTL_ENABLE_DEBUG_INFO = INCLUDE_SOURCE;
				MTL_FAST_MATH = YES;
				ONLY_ACTIVE_ARCH = YES;
				SDKROOT = iphoneos;
				SWIFT_ACTIVE_COMPILATION_CONDITIONS = DEBUG;
				SWIFT_OPTIMIZATION_LEVEL = "-Onone";
			};
			name = Debug;
		};
		367F0B4729B62491002DBD63 /* Release */ = {
			isa = XCBuildConfiguration;
			buildSettings = {
				ALWAYS_SEARCH_USER_PATHS = NO;
				CLANG_ANALYZER_NONNULL = YES;
				CLANG_ANALYZER_NUMBER_OBJECT_CONVERSION = YES_AGGRESSIVE;
				CLANG_CXX_LANGUAGE_STANDARD = "gnu++20";
				CLANG_ENABLE_MODULES = YES;
				CLANG_ENABLE_OBJC_ARC = YES;
				CLANG_ENABLE_OBJC_WEAK = YES;
				CLANG_WARN_BLOCK_CAPTURE_AUTORELEASING = YES;
				CLANG_WARN_BOOL_CONVERSION = YES;
				CLANG_WARN_COMMA = YES;
				CLANG_WARN_CONSTANT_CONVERSION = YES;
				CLANG_WARN_DEPRECATED_OBJC_IMPLEMENTATIONS = YES;
				CLANG_WARN_DIRECT_OBJC_ISA_USAGE = YES_ERROR;
				CLANG_WARN_DOCUMENTATION_COMMENTS = YES;
				CLANG_WARN_EMPTY_BODY = YES;
				CLANG_WARN_ENUM_CONVERSION = YES;
				CLANG_WARN_INFINITE_RECURSION = YES;
				CLANG_WARN_INT_CONVERSION = YES;
				CLANG_WARN_NON_LITERAL_NULL_CONVERSION = YES;
				CLANG_WARN_OBJC_IMPLICIT_RETAIN_SELF = YES;
				CLANG_WARN_OBJC_LITERAL_CONVERSION = YES;
				CLANG_WARN_OBJC_ROOT_CLASS = YES_ERROR;
				CLANG_WARN_QUOTED_INCLUDE_IN_FRAMEWORK_HEADER = YES;
				CLANG_WARN_RANGE_LOOP_ANALYSIS = YES;
				CLANG_WARN_STRICT_PROTOTYPES = YES;
				CLANG_WARN_SUSPICIOUS_MOVE = YES;
				CLANG_WARN_UNGUARDED_AVAILABILITY = YES_AGGRESSIVE;
				CLANG_WARN_UNREACHABLE_CODE = YES;
				CLANG_WARN__DUPLICATE_METHOD_MATCH = YES;
				COPY_PHASE_STRIP = NO;
				DEBUG_INFORMATION_FORMAT = "dwarf-with-dsym";
				ENABLE_NS_ASSERTIONS = NO;
				ENABLE_STRICT_OBJC_MSGSEND = YES;
				GCC_C_LANGUAGE_STANDARD = gnu11;
				GCC_NO_COMMON_BLOCKS = YES;
				GCC_WARN_64_TO_32_BIT_CONVERSION = YES;
				GCC_WARN_ABOUT_RETURN_TYPE = YES_ERROR;
				GCC_WARN_UNDECLARED_SELECTOR = YES;
				GCC_WARN_UNINITIALIZED_AUTOS = YES_AGGRESSIVE;
				GCC_WARN_UNUSED_FUNCTION = YES;
				GCC_WARN_UNUSED_VARIABLE = YES;
				IPHONEOS_DEPLOYMENT_TARGET = 16.0;
				MTL_ENABLE_DEBUG_INFO = NO;
				MTL_FAST_MATH = YES;
				SDKROOT = iphoneos;
				SWIFT_COMPILATION_MODE = wholemodule;
				SWIFT_OPTIMIZATION_LEVEL = "-O";
				VALIDATE_PRODUCT = YES;
			};
			name = Release;
		};
		367F0B4929B62491002DBD63 /* Debug */ = {
			isa = XCBuildConfiguration;
			buildSettings = {
				ASSETCATALOG_COMPILER_APPICON_NAME = AppIcon;
				ASSETCATALOG_COMPILER_GLOBAL_ACCENT_COLOR_NAME = AccentColor;
				CODE_SIGN_STYLE = Automatic;
				CURRENT_PROJECT_VERSION = 1;
				DEVELOPMENT_ASSET_PATHS = "\"TestProject/App/Preview Content\"";
				ENABLE_PREVIEWS = YES;
				GENERATE_INFOPLIST_FILE = YES;
				INFOPLIST_FILE = TestProject/App/Info.plist;
				INFOPLIST_KEY_UIApplicationSceneManifest_Generation = YES;
				INFOPLIST_KEY_UIApplicationSupportsIndirectInputEvents = YES;
				INFOPLIST_KEY_UILaunchScreen_Generation = YES;
				INFOPLIST_KEY_UISupportedInterfaceOrientations = UIInterfaceOrientationPortrait;
				INFOPLIST_KEY_UISupportedInterfaceOrientations_iPad = "UIInterfaceOrientationLandscapeLeft UIInterfaceOrientationLandscapeRight UIInterfaceOrientationPortrait UIInterfaceOrientationPortraitUpsideDown";
				IPHONEOS_DEPLOYMENT_TARGET = 16.0;
				LD_RUNPATH_SEARCH_PATHS = (
					"$(inherited)",
					"@executable_path/Frameworks",
				);
				MARKETING_VERSION = 1.0;
				PRODUCT_BUNDLE_IDENTIFIER = com.illiahorevoi.TestProject;
				PRODUCT_NAME = "$(TARGET_NAME)";
				SUPPORTED_PLATFORMS = "iphoneos iphonesimulator";
				SUPPORTS_MACCATALYST = NO;
				SUPPORTS_MAC_DESIGNED_FOR_IPHONE_IPAD = NO;
				SWIFT_EMIT_LOC_STRINGS = YES;
				SWIFT_VERSION = 5.0;
				TARGETED_DEVICE_FAMILY = 1;
			};
			name = Debug;
		};
		367F0B4A29B62491002DBD63 /* Release */ = {
			isa = XCBuildConfiguration;
			buildSettings = {
				ASSETCATALOG_COMPILER_APPICON_NAME = AppIcon;
				ASSETCATALOG_COMPILER_GLOBAL_ACCENT_COLOR_NAME = AccentColor;
				CODE_SIGN_STYLE = Automatic;
				CURRENT_PROJECT_VERSION = 1;
				DEVELOPMENT_ASSET_PATHS = "\"TestProject/App/Preview Content\"";
				ENABLE_PREVIEWS = YES;
				GENERATE_INFOPLIST_FILE = YES;
				INFOPLIST_FILE = TestProject/App/Info.plist;
				INFOPLIST_KEY_UIApplicationSceneManifest_Generation = YES;
				INFOPLIST_KEY_UIApplicationSupportsIndirectInputEvents = YES;
				INFOPLIST_KEY_UILaunchScreen_Generation = YES;
				INFOPLIST_KEY_UISupportedInterfaceOrientations = UIInterfaceOrientationPortrait;
				INFOPLIST_KEY_UISupportedInterfaceOrientations_iPad = "UIInterfaceOrientationLandscapeLeft UIInterfaceOrientationLandscapeRight UIInterfaceOrientationPortrait UIInterfaceOrientationPortraitUpsideDown";
				IPHONEOS_DEPLOYMENT_TARGET = 16.0;
				LD_RUNPATH_SEARCH_PATHS = (
					"$(inherited)",
					"@executable_path/Frameworks",
				);
				MARKETING_VERSION = 1.0;
				PRODUCT_BUNDLE_IDENTIFIER = com.illiahorevoi.TestProject;
				PRODUCT_NAME = "$(TARGET_NAME)";
				SUPPORTED_PLATFORMS = "iphoneos iphonesimulator";
				SUPPORTS_MACCATALYST = NO;
				SUPPORTS_MAC_DESIGNED_FOR_IPHONE_IPAD = NO;
				SWIFT_EMIT_LOC_STRINGS = YES;
				SWIFT_VERSION = 5.0;
				TARGETED_DEVICE_FAMILY = 1;
			};
			name = Release;
		};
		367F0B4C29B62491002DBD63 /* Debug */ = {
			isa = XCBuildConfiguration;
			buildSettings = {
				ALWAYS_EMBED_SWIFT_STANDARD_LIBRARIES = YES;
				BUNDLE_LOADER = "$(TEST_HOST)";
				CODE_SIGN_STYLE = Automatic;
				CURRENT_PROJECT_VERSION = 1;
				GENERATE_INFOPLIST_FILE = YES;
				IPHONEOS_DEPLOYMENT_TARGET = 16.0;
				MARKETING_VERSION = 1.0;
				PRODUCT_BUNDLE_IDENTIFIER = com.illiahorevoi.TestProjectTests;
				PRODUCT_NAME = "$(TARGET_NAME)";
				SUPPORTED_PLATFORMS = "iphoneos iphonesimulator";
				SUPPORTS_MACCATALYST = NO;
				SUPPORTS_MAC_DESIGNED_FOR_IPHONE_IPAD = NO;
				SWIFT_EMIT_LOC_STRINGS = NO;
				SWIFT_VERSION = 5.0;
				TARGETED_DEVICE_FAMILY = 1;
				TEST_HOST = "$(BUILT_PRODUCTS_DIR)/TestProject.app/$(BUNDLE_EXECUTABLE_FOLDER_PATH)/TestProject";
			};
			name = Debug;
		};
		367F0B4D29B62491002DBD63 /* Release */ = {
			isa = XCBuildConfiguration;
			buildSettings = {
				ALWAYS_EMBED_SWIFT_STANDARD_LIBRARIES = YES;
				BUNDLE_LOADER = "$(TEST_HOST)";
				CODE_SIGN_STYLE = Automatic;
				CURRENT_PROJECT_VERSION = 1;
				GENERATE_INFOPLIST_FILE = YES;
				IPHONEOS_DEPLOYMENT_TARGET = 16.0;
				MARKETING_VERSION = 1.0;
				PRODUCT_BUNDLE_IDENTIFIER = com.illiahorevoi.TestProjectTests;
				PRODUCT_NAME = "$(TARGET_NAME)";
				SUPPORTED_PLATFORMS = "iphoneos iphonesimulator";
				SUPPORTS_MACCATALYST = NO;
				SUPPORTS_MAC_DESIGNED_FOR_IPHONE_IPAD = NO;
				SWIFT_EMIT_LOC_STRINGS = NO;
				SWIFT_VERSION = 5.0;
				TARGETED_DEVICE_FAMILY = 1;
				TEST_HOST = "$(BUILT_PRODUCTS_DIR)/TestProject.app/$(BUNDLE_EXECUTABLE_FOLDER_PATH)/TestProject";
			};
			name = Release;
		};
/* End XCBuildConfiguration section */

/* Begin XCConfigurationList section */
		367F0B1F29B6248F002DBD63 /* Build configuration list for PBXProject "TestProject" */ = {
			isa = XCConfigurationList;
			buildConfigurations = (
				367F0B4629B62491002DBD63 /* Debug */,
				367F0B4729B62491002DBD63 /* Release */,
			);
			defaultConfigurationIsVisible = 0;
			defaultConfigurationName = Release;
		};
		367F0B4829B62491002DBD63 /* Build configuration list for PBXNativeTarget "TestProject" */ = {
			isa = XCConfigurationList;
			buildConfigurations = (
				367F0B4929B62491002DBD63 /* Debug */,
				367F0B4A29B62491002DBD63 /* Release */,
			);
			defaultConfigurationIsVisible = 0;
			defaultConfigurationName = Release;
		};
		367F0B4B29B62491002DBD63 /* Build configuration list for PBXNativeTarget "TestProjectTests" */ = {
			isa = XCConfigurationList;
			buildConfigurations = (
				367F0B4C29B62491002DBD63 /* Debug */,
				367F0B4D29B62491002DBD63 /* Release */,
			);
			defaultConfigurationIsVisible = 0;
			defaultConfigurationName = Release;
		};
/* End XCConfigurationList section */
	};
	rootObject = 367F0B1C29B6248F002DBD63 /* Project object */;
}
